<?xml version="1.0" encoding="UTF-8"?>
<Scheme
   LastUpgradeVersion = "0730"
   version = "1.3">
   <BuildAction
      parallelizeBuildables = "YES"
      buildImplicitDependencies = "YES">
      <BuildActionEntries>
         <BuildActionEntry
            buildForTesting = "YES"
            buildForRunning = "YES"
            buildForProfiling = "YES"
            buildForArchiving = "YES"
            buildForAnalyzing = "YES">
            <BuildableReference
               BuildableIdentifier = "primary"
               BlueprintIdentifier = "4FA5D89620C01F78009D55CA"
               BuildableName = "bayarea"
               BlueprintName = "bayarea"
               ReferencedContainer = "container:bayarea.xcodeproj">
            </BuildableReference>
         </BuildActionEntry>
      </BuildActionEntries>
   </BuildAction>
   <TestAction
      buildConfiguration = "Debug"
      selectedDebuggerIdentifier = "Xcode.DebuggerFoundation.Debugger.LLDB"
      selectedLauncherIdentifier = "Xcode.DebuggerFoundation.Launcher.LLDB"
      shouldUseLaunchSchemeArgsEnv = "YES">
      <Testables>
      </Testables>
      <MacroExpansion>
         <BuildableReference
            BuildableIdentifier = "primary"
            BlueprintIdentifier = "4FA5D89620C01F78009D55CA"
            BuildableName = "bayarea"
            BlueprintName = "bayarea"
            ReferencedContainer = "container:bayarea.xcodeproj">
         </BuildableReference>
      </MacroExpansion>
      <AdditionalOptions>
      </AdditionalOptions>
   </TestAction>
   <LaunchAction
      buildConfiguration = "Debug"
      selectedDebuggerIdentifier = "Xcode.DebuggerFoundation.Debugger.LLDB"
      selectedLauncherIdentifier = "Xcode.DebuggerFoundation.Launcher.LLDB"
      launchStyle = "0"
      useCustomWorkingDirectory = "YES"
      customWorkingDirectory = "/Users/mlandis/projects/bayarea/examples"
      ignoresPersistentStateOnLaunch = "NO"
      debugDocumentVersioning = "YES"
      debugServiceExtension = "internal"
      allowLocationSimulation = "YES">
      <BuildableProductRunnable
         runnableDebuggingMode = "0">
         <BuildableReference
            BuildableIdentifier = "primary"
            BlueprintIdentifier = "4FA5D89620C01F78009D55CA"
            BuildableName = "bayarea"
            BlueprintName = "bayarea"
            ReferencedContainer = "container:bayarea.xcodeproj">
         </BuildableReference>
      </BuildableProductRunnable>
      <CommandLineArguments>
         <CommandLineArgument
            argument = "-areaFileName=areaCodes.txt \&#10;        -geoFileName=areaCentroids40.txt \&#10;        -treeFileName=subclade.tre \&#10;        -inputFilePath=./ \&#10;        -outputFilePath=./ \&#10;        -outputTimestamp=F \&#10;        -outputPrefix=my_run \&#10;        -parameterSampleFrequency=10000 \&#10;        -historySampleFrequency=10000 \&#10;        -printFrequency=10000 \&#10;        -chainLength=100000000 \&#10;        -chainBurnIn=0 \&#10;        -probBurnIn=10000000  \&#10;        -modelType=1 \&#10;        -gainPrior=0.05 \&#10;        -lossPrior=0.05 \&#10;        -distancePowerPrior=0.1 \&#10;        -guessInitialRates=T \&#10;        -geoDistancePowerPositive=T \&#10;        -geoDistanceTruncate=F \&#10;        -areaProposalTuner=0.1 \&#10;        -rateProposalTuner=0.5 \"
            isEnabled = "YES">
         </CommandLineArgument>
      </CommandLineArguments>
      <AdditionalOptions>
      </AdditionalOptions>
   </LaunchAction>
   <ProfileAction
      buildConfiguration = "Release"
      shouldUseLaunchSchemeArgsEnv = "YES"
      savedToolIdentifier = ""
      useCustomWorkingDirectory = "NO"
      debugDocumentVersioning = "YES">
      <BuildableProductRunnable
         runnableDebuggingMode = "0">
         <BuildableReference
            BuildableIdentifier = "primary"
            BlueprintIdentifier = "4FA5D89620C01F78009D55CA"
            BuildableName = "bayarea"
            BlueprintName = "bayarea"
            ReferencedContainer = "container:bayarea.xcodeproj">
         </BuildableReference>
      </BuildableProductRunnable>
   </ProfileAction>
   <AnalyzeAction
      buildConfiguration = "Debug">
   </AnalyzeAction>
   <ArchiveAction
      buildConfiguration = "Release"
      revealArchiveInOrganizer = "YES">
   </ArchiveAction>
</Scheme>
